
Microsoft Visual Studio Solution File, Format Version 12.00
# Visual Studio Version 17
VisualStudioVersion = 17.6.33723.286
MinimumVisualStudioVersion = 10.0.40219.1
Project("{8BC9CEB8-8B4A-11D0-8D11-00A0C91BC942}") = "WndTools", "WndTools\WndTools.vcxproj", "{F1DB3AE4-9A8D-4DCB-8F33-E6149DB197C0}"
	ProjectSection(ProjectDependencies) = postProject
		{07DBE7EB-44BD-45C2-929A-073717EB142A} = {07DBE7EB-44BD-45C2-929A-073717EB142A}
	EndProjectSection
EndProject
Project("{8BC9CEB8-8B4A-11D0-8D11-00A0C91BC942}") = "Plugin", "Plugin\Plugin.vcxproj", "{07DBE7EB-44BD-45C2-929A-073717EB142A}"
EndProject
Project("{8BC9CEB8-8B4A-11D0-8D11-00A0C91BC942}") = "AlwayOnTop", "AlwayOnTop\AlwayOnTop.vcxproj", "{538E030F-D698-4652-A011-1D47B3B8740A}"
EndProject
Global
	GlobalSection(SolutionConfigurationPlatforms) = preSolution
		Debug|x64 = Debug|x64
		Debug|x86 = Debug|x86
		DebugA|x64 = DebugA|x64
		DebugA|x86 = DebugA|x86
		Release|x64 = Release|x64
		Release|x86 = Release|x86
		ReleaseA|x64 = ReleaseA|x64
		ReleaseA|x86 = ReleaseA|x86
	EndGlobalSection
	GlobalSection(ProjectConfigurationPlatforms) = postSolution
		{F1DB3AE4-9A8D-4DCB-8F33-E6149DB197C0}.Debug|x64.ActiveCfg = Debug|x64
		{F1DB3AE4-9A8D-4DCB-8F33-E6149DB197C0}.Debug|x64.Build.0 = Debug|x64
		{F1DB3AE4-9A8D-4DCB-8F33-E6149DB197C0}.Debug|x86.ActiveCfg = Debug|Win32
		{F1DB3AE4-9A8D-4DCB-8F33-E6149DB197C0}.Debug|x86.Build.0 = Debug|Win32
		{F1DB3AE4-9A8D-4DCB-8F33-E6149DB197C0}.DebugA|x64.ActiveCfg = DebugA|x64
		{F1DB3AE4-9A8D-4DCB-8F33-E6149DB197C0}.DebugA|x64.Build.0 = DebugA|x64
		{F1DB3AE4-9A8D-4DCB-8F33-E6149DB197C0}.DebugA|x86.ActiveCfg = DebugA|Win32
		{F1DB3AE4-9A8D-4DCB-8F33-E6149DB197C0}.DebugA|x86.Build.0 = DebugA|Win32
		{F1DB3AE4-9A8D-4DCB-8F33-E6149DB197C0}.Release|x64.ActiveCfg = Release|x64
		{F1DB3AE4-9A8D-4DCB-8F33-E6149DB197C0}.Release|x64.Build.0 = Release|x64
		{F1DB3AE4-9A8D-4DCB-8F33-E6149DB197C0}.Release|x86.ActiveCfg = Release|Win32
		{F1DB3AE4-9A8D-4DCB-8F33-E6149DB197C0}.Release|x86.Build.0 = Release|Win32
		{F1DB3AE4-9A8D-4DCB-8F33-E6149DB197C0}.ReleaseA|x64.ActiveCfg = ReleaseA|x64
		{F1DB3AE4-9A8D-4DCB-8F33-E6149DB197C0}.ReleaseA|x64.Build.0 = ReleaseA|x64
		{F1DB3AE4-9A8D-4DCB-8F33-E6149DB197C0}.ReleaseA|x86.ActiveCfg = ReleaseA|Win32
		{F1DB3AE4-9A8D-4DCB-8F33-E6149DB197C0}.ReleaseA|x86.Build.0 = ReleaseA|Win32
		{07DBE7EB-44BD-45C2-929A-073717EB142A}.Debug|x64.ActiveCfg = Debug|x64
		{07DBE7EB-44BD-45C2-929A-073717EB142A}.Debug|x64.Build.0 = Debug|x64
		{07DBE7EB-44BD-45C2-929A-073717EB142A}.Debug|x86.ActiveCfg = Debug|Win32
		{07DBE7EB-44BD-45C2-929A-073717EB142A}.Debug|x86.Build.0 = Debug|Win32
		{07DBE7EB-44BD-45C2-929A-073717EB142A}.DebugA|x64.ActiveCfg = Debug|x64
		{07DBE7EB-44BD-45C2-929A-073717EB142A}.DebugA|x64.Build.0 = Debug|x64
		{07DBE7EB-44BD-45C2-929A-073717EB142A}.DebugA|x86.ActiveCfg = Debug|Win32
		{07DBE7EB-44BD-45C2-929A-073717EB142A}.DebugA|x86.Build.0 = Debug|Win32
		{07DBE7EB-44BD-45C2-929A-073717EB142A}.Release|x64.ActiveCfg = Release|x64
		{07DBE7EB-44BD-45C2-929A-073717EB142A}.Release|x64.Build.0 = Release|x64
		{07DBE7EB-44BD-45C2-929A-073717EB142A}.Release|x86.ActiveCfg = Release|Win32
		{07DBE7EB-44BD-45C2-929A-073717EB142A}.Release|x86.Build.0 = Release|Win32
		{07DBE7EB-44BD-45C2-929A-073717EB142A}.ReleaseA|x64.ActiveCfg = Release|x64
		{07DBE7EB-44BD-45C2-929A-073717EB142A}.ReleaseA|x64.Build.0 = Release|x64
		{07DBE7EB-44BD-45C2-929A-073717EB142A}.ReleaseA|x86.ActiveCfg = Release|Win32
		{07DBE7EB-44BD-45C2-929A-073717EB142A}.ReleaseA|x86.Build.0 = Release|Win32
		{538E030F-D698-4652-A011-1D47B3B8740A}.Debug|x64.ActiveCfg = Debug|x64
		{538E030F-D698-4652-A011-1D47B3B8740A}.Debug|x64.Build.0 = Debug|x64
		{538E030F-D698-4652-A011-1D47B3B8740A}.Debug|x86.ActiveCfg = Debug|Win32
		{538E030F-D698-4652-A011-1D47B3B8740A}.Debug|x86.Build.0 = Debug|Win32
		{538E030F-D698-4652-A011-1D47B3B8740A}.DebugA|x64.ActiveCfg = Debug|x64
		{538E030F-D698-4652-A011-1D47B3B8740A}.DebugA|x64.Build.0 = Debug|x64
		{538E030F-D698-4652-A011-1D47B3B8740A}.DebugA|x86.ActiveCfg = Debug|Win32
		{538E030F-D698-4652-A011-1D47B3B8740A}.DebugA|x86.Build.0 = Debug|Win32
		{538E030F-D698-4652-A011-1D47B3B8740A}.Release|x64.ActiveCfg = Release|x64
		{538E030F-D698-4652-A011-1D47B3B8740A}.Release|x64.Build.0 = Release|x64
		{538E030F-D698-4652-A011-1D47B3B8740A}.Release|x86.ActiveCfg = Release|Win32
		{538E030F-D698-4652-A011-1D47B3B8740A}.Release|x86.Build.0 = Release|Win32
		{538E030F-D698-4652-A011-1D47B3B8740A}.ReleaseA|x64.ActiveCfg = Release|x64
		{538E030F-D698-4652-A011-1D47B3B8740A}.ReleaseA|x64.Build.0 = Release|x64
		{538E030F-D698-4652-A011-1D47B3B8740A}.ReleaseA|x86.ActiveCfg = Release|Win32
		{538E030F-D698-4652-A011-1D47B3B8740A}.ReleaseA|x86.Build.0 = Release|Win32
	EndGlobalSection
	GlobalSection(SolutionProperties) = preSolution
		HideSolutionNode = FALSE
	EndGlobalSection
	GlobalSection(ExtensibilityGlobals) = postSolution
		SolutionGuid = {A045151C-9208-4C73-B1C2-186971DF8547}
	EndGlobalSection
EndGlobal
